# Qwen block backbone
_target_: discrete_diffusion.models.qwen.modeling.QwenBlockForCausalLM

name: qwen-block
hub_id: Qwen/Qwen2.5-1.5B-Instruct
# true = AR→block (from_pretrained); false = pure block diffusion (from_config)
load_pretrained: true
length: 2048
forward_mode: block_diff
attn_implementation: sdpa
